
Microsoft Visual Studio Solution File, Format Version 12.00
# Visual Studio Version 16
VisualStudioVersion = 16.0.29411.108
MinimumVisualStudioVersion = 10.0.40219.1
Project("{FAE04EC0-301F-11D3-BF4B-00C04F79EFBC}") = "MvcRazor_clone", "MvcRazor_clone\MvcRazor_clone.csproj", "{A7141DD9-9DA7-4C9F-9F7C-AC95091979BA}"
EndProject
Global
	GlobalSection(SolutionConfigurationPlatforms) = preSolution
		Debug|Any CPU = Debug|Any CPU
		Release|Any CPU = Release|Any CPU
	EndGlobalSection
	GlobalSection(ProjectConfigurationPlatforms) = postSolution
		{A7141DD9-9DA7-4C9F-9F7C-AC95091979BA}.Debug|Any CPU.ActiveCfg = Debug|Any CPU
		{A7141DD9-9DA7-4C9F-9F7C-AC95091979BA}.Debug|Any CPU.Build.0 = Debug|Any CPU
		{A7141DD9-9DA7-4C9F-9F7C-AC95091979BA}.Release|Any CPU.ActiveCfg = Release|Any CPU
		{A7141DD9-9DA7-4C9F-9F7C-AC95091979BA}.Release|Any CPU.Build.0 = Release|Any CPU
	EndGlobalSection
	GlobalSection(SolutionProperties) = preSolution
		HideSolutionNode = FALSE
	EndGlobalSection
	GlobalSection(ExtensibilityGlobals) = postSolution
		SolutionGuid = {A648CFE3-EDBE-4B9A-AE31-37F8CDDEC55E}
	EndGlobalSection
EndGlobal
